// !$*UTF8*$!
{
	archiveVersion = 1;
	classes = {
	};
	objectVersion = 56;
	objects = {

/* Begin PBXBuildFile section */
		E30297DE29B8FFBE001FFBD2 /* Coordinator.swift in Sources */ = {isa = PBXBuildFile; fileRef = E30297DD29B8FFBE001FFBD2 /* Coordinator.swift */; };
		E30297E029B90032001FFBD2 /* MainWindowCoordinator.swift in Sources */ = {isa = PBXBuildFile; fileRef = E30297DF29B90032001FFBD2 /* MainWindowCoordinator.swift */; };
		E30297E229B9012D001FFBD2 /* MainSplitCoordinator.swift in Sources */ = {isa = PBXBuildFile; fileRef = E30297E129B9012D001FFBD2 /* MainSplitCoordinator.swift */; };
		E311333D29AE7EC30091A2D8 /* AppDelegate.swift in Sources */ = {isa = PBXBuildFile; fileRef = E311333C29AE7EC30091A2D8 /* AppDelegate.swift */; };
		E311334129AE7EC40091A2D8 /* Assets.xcassets in Resources */ = {isa = PBXBuildFile; fileRef = E311334029AE7EC40091A2D8 /* Assets.xcassets */; };
		E311334429AE7EC40091A2D8 /* Main.storyboard in Resources */ = {isa = PBXBuildFile; fileRef = E311334229AE7EC40091A2D8 /* Main.storyboard */; };
		E311334F29AE7EC40091A2D8 /* NSSplitViewSideBarSampleTests.swift in Sources */ = {isa = PBXBuildFile; fileRef = E311334E29AE7EC40091A2D8 /* NSSplitViewSideBarSampleTests.swift */; };
		E311335929AE7EC40091A2D8 /* NSSplitViewSideBarSampleUITests.swift in Sources */ = {isa = PBXBuildFile; fileRef = E311335829AE7EC40091A2D8 /* NSSplitViewSideBarSampleUITests.swift */; };
		E311335B29AE7EC40091A2D8 /* NSSplitViewSideBarSampleUITestsLaunchTests.swift in Sources */ = {isa = PBXBuildFile; fileRef = E311335A29AE7EC40091A2D8 /* NSSplitViewSideBarSampleUITestsLaunchTests.swift */; };
		E311336E29AF93500091A2D8 /* MainWindowController.swift in Sources */ = {isa = PBXBuildFile; fileRef = E311336C29AF93500091A2D8 /* MainWindowController.swift */; };
		E311336F29AF93500091A2D8 /* MainWindowController.xib in Resources */ = {isa = PBXBuildFile; fileRef = E311336D29AF93500091A2D8 /* MainWindowController.xib */; };
		E311337229AF955B0091A2D8 /* MainSplitViewController.swift in Sources */ = {isa = PBXBuildFile; fileRef = E311337129AF955B0091A2D8 /* MainSplitViewController.swift */; };
		E311337829AFC5840091A2D8 /* SnapKit in Frameworks */ = {isa = PBXBuildFile; productRef = E311337729AFC5840091A2D8 /* SnapKit */; };
		E311337D29AFC6AE0091A2D8 /* NSViewController+Extension.swift in Sources */ = {isa = PBXBuildFile; fileRef = E311337C29AFC6AE0091A2D8 /* NSViewController+Extension.swift */; };
		E311338129AFCA200091A2D8 /* NSBox+Extension.swift in Sources */ = {isa = PBXBuildFile; fileRef = E311338029AFCA200091A2D8 /* NSBox+Extension.swift */; };
		E311338329AFCA6B0091A2D8 /* WebViewContentViewController.swift in Sources */ = {isa = PBXBuildFile; fileRef = E311338229AFCA6B0091A2D8 /* WebViewContentViewController.swift */; };
		E311338729AFD7070091A2D8 /* SideBarViewController.swift in Sources */ = {isa = PBXBuildFile; fileRef = E311338629AFD7070091A2D8 /* SideBarViewController.swift */; };
		E33E7BAE29B4FEE700055190 /* NSTextField+Extenson.swift in Sources */ = {isa = PBXBuildFile; fileRef = E33E7BAD29B4FEE700055190 /* NSTextField+Extenson.swift */; };
		E367A31929B239DD00848482 /* NSImage+Extension.swift in Sources */ = {isa = PBXBuildFile; fileRef = E367A31829B239DD00848482 /* NSImage+Extension.swift */; };
		E367A31C29B26FD700848482 /* SideBarApplicationMockData.swift in Sources */ = {isa = PBXBuildFile; fileRef = E367A31B29B26FD700848482 /* SideBarApplicationMockData.swift */; };
		E367A31F29B2806100848482 /* FlippedClipView.swift in Sources */ = {isa = PBXBuildFile; fileRef = E367A31E29B2806100848482 /* FlippedClipView.swift */; };
		E367A32229B36FF600848482 /* SideBarApplicationView.swift in Sources */ = {isa = PBXBuildFile; fileRef = E367A32129B36FF600848482 /* SideBarApplicationView.swift */; };
		E367A32429B3717200848482 /* NSView+Extension.swift in Sources */ = {isa = PBXBuildFile; fileRef = E367A32329B3717200848482 /* NSView+Extension.swift */; };
		E367A32629B37DE100848482 /* Color.xcassets in Resources */ = {isa = PBXBuildFile; fileRef = E367A32529B37DE100848482 /* Color.xcassets */; };
		E367A32829B37F7C00848482 /* NSColor+Extension.swift in Sources */ = {isa = PBXBuildFile; fileRef = E367A32729B37F7C00848482 /* NSColor+Extension.swift */; };
		E367A33229B3816900848482 /* RxCocoa in Frameworks */ = {isa = PBXBuildFile; productRef = E367A33129B3816900848482 /* RxCocoa */; };
		E367A33429B3816900848482 /* RxRelay in Frameworks */ = {isa = PBXBuildFile; productRef = E367A33329B3816900848482 /* RxRelay */; };
		E367A33629B3816900848482 /* RxSwift in Frameworks */ = {isa = PBXBuildFile; productRef = E367A33529B3816900848482 /* RxSwift */; };
		E39C1B9C29B3A7E200337BBD /* SideBarApplication.swift in Sources */ = {isa = PBXBuildFile; fileRef = E39C1B9B29B3A7E200337BBD /* SideBarApplication.swift */; };
		E39C1BA229B3C16800337BBD /* DBService.swift in Sources */ = {isa = PBXBuildFile; fileRef = E39C1BA129B3C16800337BBD /* DBService.swift */; };
		E39C1BA529B3C56500337BBD /* SideBarApplicaitonHelper.swift in Sources */ = {isa = PBXBuildFile; fileRef = E39C1BA429B3C56500337BBD /* SideBarApplicaitonHelper.swift */; };
		E39C1BA729B3C9CF00337BBD /* Rx+Extension.swift in Sources */ = {isa = PBXBuildFile; fileRef = E39C1BA629B3C9CF00337BBD /* Rx+Extension.swift */; };
		E39C1BA929B3DAA600337BBD /* SideBarApplicationViewController.swift in Sources */ = {isa = PBXBuildFile; fileRef = E39C1BA829B3DAA600337BBD /* SideBarApplicationViewController.swift */; };
		E39C1BAF29B4078800337BBD /* StatusBarHelper.swift in Sources */ = {isa = PBXBuildFile; fileRef = E39C1BAE29B4078800337BBD /* StatusBarHelper.swift */; };
/* End PBXBuildFile section */

/* Begin PBXContainerItemProxy section */
		E311334B29AE7EC40091A2D8 /* PBXContainerItemProxy */ = {
			isa = PBXContainerItemProxy;
			containerPortal = E311333129AE7EC30091A2D8 /* Project object */;
			proxyType = 1;
			remoteGlobalIDString = E311333829AE7EC30091A2D8;
			remoteInfo = NSSplitViewSideBarSample;
		};
		E311335529AE7EC40091A2D8 /* PBXContainerItemProxy */ = {
			isa = PBXContainerItemProxy;
			containerPortal = E311333129AE7EC30091A2D8 /* Project object */;
			proxyType = 1;
			remoteGlobalIDString = E311333829AE7EC30091A2D8;
			remoteInfo = NSSplitViewSideBarSample;
		};
/* End PBXContainerItemProxy section */

/* Begin PBXFileReference section */
		E30297DD29B8FFBE001FFBD2 /* Coordinator.swift */ = {isa = PBXFileReference; lastKnownFileType = sourcecode.swift; path = Coordinator.swift; sourceTree = "<group>"; };
		E30297DF29B90032001FFBD2 /* MainWindowCoordinator.swift */ = {isa = PBXFileReference; lastKnownFileType = sourcecode.swift; path = MainWindowCoordinator.swift; sourceTree = "<group>"; };
		E30297E129B9012D001FFBD2 /* MainSplitCoordinator.swift */ = {isa = PBXFileReference; lastKnownFileType = sourcecode.swift; path = MainSplitCoordinator.swift; sourceTree = "<group>"; };
		E311333929AE7EC30091A2D8 /* NSSplitViewSideBarSample.app */ = {isa = PBXFileReference; explicitFileType = wrapper.application; includeInIndex = 0; path = NSSplitViewSideBarSample.app; sourceTree = BUILT_PRODUCTS_DIR; };
		E311333C29AE7EC30091A2D8 /* AppDelegate.swift */ = {isa = PBXFileReference; lastKnownFileType = sourcecode.swift; path = AppDelegate.swift; sourceTree = "<group>"; };
		E311334029AE7EC40091A2D8 /* Assets.xcassets */ = {isa = PBXFileReference; lastKnownFileType = folder.assetcatalog; path = Assets.xcassets; sourceTree = "<group>"; };
		E311334329AE7EC40091A2D8 /* Base */ = {isa = PBXFileReference; lastKnownFileType = file.storyboard; name = Base; path = Base.lproj/Main.storyboard; sourceTree = "<group>"; };
		E311334529AE7EC40091A2D8 /* NSSplitViewSideBarSample.entitlements */ = {isa = PBXFileReference; lastKnownFileType = text.plist.entitlements; path = NSSplitViewSideBarSample.entitlements; sourceTree = "<group>"; };
		E311334A29AE7EC40091A2D8 /* NSSplitViewSideBarSampleTests.xctest */ = {isa = PBXFileReference; explicitFileType = wrapper.cfbundle; includeInIndex = 0; path = NSSplitViewSideBarSampleTests.xctest; sourceTree = BUILT_PRODUCTS_DIR; };
		E311334E29AE7EC40091A2D8 /* NSSplitViewSideBarSampleTests.swift */ = {isa = PBXFileReference; lastKnownFileType = sourcecode.swift; path = NSSplitViewSideBarSampleTests.swift; sourceTree = "<group>"; };
		E311335429AE7EC40091A2D8 /* NSSplitViewSideBarSampleUITests.xctest */ = {isa = PBXFileReference; explicitFileType = wrapper.cfbundle; includeInIndex = 0; path = NSSplitViewSideBarSampleUITests.xctest; sourceTree = BUILT_PRODUCTS_DIR; };
		E311335829AE7EC40091A2D8 /* NSSplitViewSideBarSampleUITests.swift */ = {isa = PBXFileReference; lastKnownFileType = sourcecode.swift; path = NSSplitViewSideBarSampleUITests.swift; sourceTree = "<group>"; };
		E311335A29AE7EC40091A2D8 /* NSSplitViewSideBarSampleUITestsLaunchTests.swift */ = {isa = PBXFileReference; lastKnownFileType = sourcecode.swift; path = NSSplitViewSideBarSampleUITestsLaunchTests.swift; sourceTree = "<group>"; };
		E311336C29AF93500091A2D8 /* MainWindowController.swift */ = {isa = PBXFileReference; lastKnownFileType = sourcecode.swift; path = MainWindowController.swift; sourceTree = "<group>"; };
		E311336D29AF93500091A2D8 /* MainWindowController.xib */ = {isa = PBXFileReference; lastKnownFileType = file.xib; path = MainWindowController.xib; sourceTree = "<group>"; };
		E311337129AF955B0091A2D8 /* MainSplitViewController.swift */ = {isa = PBXFileReference; lastKnownFileType = sourcecode.swift; path = MainSplitViewController.swift; sourceTree = "<group>"; };
		E311337C29AFC6AE0091A2D8 /* NSViewController+Extension.swift */ = {isa = PBXFileReference; lastKnownFileType = sourcecode.swift; path = "NSViewController+Extension.swift"; sourceTree = "<group>"; };
		E311338029AFCA200091A2D8 /* NSBox+Extension.swift */ = {isa = PBXFileReference; lastKnownFileType = sourcecode.swift; path = "NSBox+Extension.swift"; sourceTree = "<group>"; };
		E311338229AFCA6B0091A2D8 /* WebViewContentViewController.swift */ = {isa = PBXFileReference; lastKnownFileType = sourcecode.swift; path = WebViewContentViewController.swift; sourceTree = "<group>"; };
		E311338629AFD7070091A2D8 /* SideBarViewController.swift */ = {isa = PBXFileReference; lastKnownFileType = sourcecode.swift; path = SideBarViewController.swift; sourceTree = "<group>"; };
		E33E7BAD29B4FEE700055190 /* NSTextField+Extenson.swift */ = {isa = PBXFileReference; lastKnownFileType = sourcecode.swift; path = "NSTextField+Extenson.swift"; sourceTree = "<group>"; };
		E367A31829B239DD00848482 /* NSImage+Extension.swift */ = {isa = PBXFileReference; lastKnownFileType = sourcecode.swift; path = "NSImage+Extension.swift"; sourceTree = "<group>"; };
		E367A31B29B26FD700848482 /* SideBarApplicationMockData.swift */ = {isa = PBXFileReference; lastKnownFileType = sourcecode.swift; path = SideBarApplicationMockData.swift; sourceTree = "<group>"; };
		E367A31E29B2806100848482 /* FlippedClipView.swift */ = {isa = PBXFileReference; lastKnownFileType = sourcecode.swift; path = FlippedClipView.swift; sourceTree = "<group>"; };
		E367A32129B36FF600848482 /* SideBarApplicationView.swift */ = {isa = PBXFileReference; lastKnownFileType = sourcecode.swift; path = SideBarApplicationView.swift; sourceTree = "<group>"; };
		E367A32329B3717200848482 /* NSView+Extension.swift */ = {isa = PBXFileReference; lastKnownFileType = sourcecode.swift; path = "NSView+Extension.swift"; sourceTree = "<group>"; };
		E367A32529B37DE100848482 /* Color.xcassets */ = {isa = PBXFileReference; lastKnownFileType = folder.assetcatalog; path = Color.xcassets; sourceTree = "<group>"; };
		E367A32729B37F7C00848482 /* NSColor+Extension.swift */ = {isa = PBXFileReference; lastKnownFileType = sourcecode.swift; path = "NSColor+Extension.swift"; sourceTree = "<group>"; };
		E39C1B9B29B3A7E200337BBD /* SideBarApplication.swift */ = {isa = PBXFileReference; lastKnownFileType = sourcecode.swift; path = SideBarApplication.swift; sourceTree = "<group>"; };
		E39C1BA129B3C16800337BBD /* DBService.swift */ = {isa = PBXFileReference; lastKnownFileType = sourcecode.swift; path = DBService.swift; sourceTree = "<group>"; };
		E39C1BA429B3C56500337BBD /* SideBarApplicaitonHelper.swift */ = {isa = PBXFileReference; lastKnownFileType = sourcecode.swift; path = SideBarApplicaitonHelper.swift; sourceTree = "<group>"; };
		E39C1BA629B3C9CF00337BBD /* Rx+Extension.swift */ = {isa = PBXFileReference; lastKnownFileType = sourcecode.swift; path = "Rx+Extension.swift"; sourceTree = "<group>"; };
		E39C1BA829B3DAA600337BBD /* SideBarApplicationViewController.swift */ = {isa = PBXFileReference; lastKnownFileType = sourcecode.swift; path = SideBarApplicationViewController.swift; sourceTree = "<group>"; };
		E39C1BAE29B4078800337BBD /* StatusBarHelper.swift */ = {isa = PBXFileReference; lastKnownFileType = sourcecode.swift; path = StatusBarHelper.swift; sourceTree = "<group>"; };
/* End PBXFileReference section */

/* Begin PBXFrameworksBuildPhase section */
		E311333629AE7EC30091A2D8 /* Frameworks */ = {
			isa = PBXFrameworksBuildPhase;
			buildActionMask = 2147483647;
			files = (
				E367A33429B3816900848482 /* RxRelay in Frameworks */,
				E367A33229B3816900848482 /* RxCocoa in Frameworks */,
				E367A33629B3816900848482 /* RxSwift in Frameworks */,
				E311337829AFC5840091A2D8 /* SnapKit in Frameworks */,
			);
			runOnlyForDeploymentPostprocessing = 0;
		};
		E311334729AE7EC40091A2D8 /* Frameworks */ = {
			isa = PBXFrameworksBuildPhase;
			buildActionMask = 2147483647;
			files = (
			);
			runOnlyForDeploymentPostprocessing = 0;
		};
		E311335129AE7EC40091A2D8 /* Frameworks */ = {
			isa = PBXFrameworksBuildPhase;
			buildActionMask = 2147483647;
			files = (
			);
			runOnlyForDeploymentPostprocessing = 0;
		};
/* End PBXFrameworksBuildPhase section */

/* Begin PBXGroup section */
		E30297DC29B8FFB1001FFBD2 /* Coordinator */ = {
			isa = PBXGroup;
			children = (
				E30297DD29B8FFBE001FFBD2 /* Coordinator.swift */,
				E30297DF29B90032001FFBD2 /* MainWindowCoordinator.swift */,
				E30297E129B9012D001FFBD2 /* MainSplitCoordinator.swift */,
			);
			path = Coordinator;
			sourceTree = "<group>";
		};
		E311333029AE7EC30091A2D8 = {
			isa = PBXGroup;
			children = (
				E311333B29AE7EC30091A2D8 /* NSSplitViewSideBarSample */,
				E311334D29AE7EC40091A2D8 /* NSSplitViewSideBarSampleTests */,
				E311335729AE7EC40091A2D8 /* NSSplitViewSideBarSampleUITests */,
				E311333A29AE7EC30091A2D8 /* Products */,
			);
			sourceTree = "<group>";
		};
		E311333A29AE7EC30091A2D8 /* Products */ = {
			isa = PBXGroup;
			children = (
				E311333929AE7EC30091A2D8 /* NSSplitViewSideBarSample.app */,
				E311334A29AE7EC40091A2D8 /* NSSplitViewSideBarSampleTests.xctest */,
				E311335429AE7EC40091A2D8 /* NSSplitViewSideBarSampleUITests.xctest */,
			);
			name = Products;
			sourceTree = "<group>";
		};
		E311333B29AE7EC30091A2D8 /* NSSplitViewSideBarSample */ = {
			isa = PBXGroup;
			children = (
				E30297DC29B8FFB1001FFBD2 /* Coordinator */,
				E39C1BA329B3C55500337BBD /* Helper */,
				E39C1BA029B3C15500337BBD /* Service */,
				E311336929AF90C70091A2D8 /* WindowController */,
				E311337329AF955F0091A2D8 /* ViewController */,
				E367A32029B2806A00848482 /* View */,
				E367A31A29B26FC900848482 /* Model */,
				E39C1B9D29B3A7EC00337BBD /* Mock */,
				E311337B29AFC6990091A2D8 /* Extension */,
				E311333C29AE7EC30091A2D8 /* AppDelegate.swift */,
				E311334029AE7EC40091A2D8 /* Assets.xcassets */,
				E367A32529B37DE100848482 /* Color.xcassets */,
				E311334229AE7EC40091A2D8 /* Main.storyboard */,
				E311334529AE7EC40091A2D8 /* NSSplitViewSideBarSample.entitlements */,
			);
			path = NSSplitViewSideBarSample;
			sourceTree = "<group>";
		};
		E311334D29AE7EC40091A2D8 /* NSSplitViewSideBarSampleTests */ = {
			isa = PBXGroup;
			children = (
				E311334E29AE7EC40091A2D8 /* NSSplitViewSideBarSampleTests.swift */,
			);
			path = NSSplitViewSideBarSampleTests;
			sourceTree = "<group>";
		};
		E311335729AE7EC40091A2D8 /* NSSplitViewSideBarSampleUITests */ = {
			isa = PBXGroup;
			children = (
				E311335829AE7EC40091A2D8 /* NSSplitViewSideBarSampleUITests.swift */,
				E311335A29AE7EC40091A2D8 /* NSSplitViewSideBarSampleUITestsLaunchTests.swift */,
			);
			path = NSSplitViewSideBarSampleUITests;
			sourceTree = "<group>";
		};
		E311336929AF90C70091A2D8 /* WindowController */ = {
			isa = PBXGroup;
			children = (
				E311336C29AF93500091A2D8 /* MainWindowController.swift */,
				E311336D29AF93500091A2D8 /* MainWindowController.xib */,
			);
			path = WindowController;
			sourceTree = "<group>";
		};
		E311337329AF955F0091A2D8 /* ViewController */ = {
			isa = PBXGroup;
			children = (
				E311337129AF955B0091A2D8 /* MainSplitViewController.swift */,
				E311338229AFCA6B0091A2D8 /* WebViewContentViewController.swift */,
				E311338629AFD7070091A2D8 /* SideBarViewController.swift */,
				E39C1BA829B3DAA600337BBD /* SideBarApplicationViewController.swift */,
			);
			path = ViewController;
			sourceTree = "<group>";
		};
		E311337B29AFC6990091A2D8 /* Extension */ = {
			isa = PBXGroup;
			children = (
				E311337C29AFC6AE0091A2D8 /* NSViewController+Extension.swift */,
				E311338029AFCA200091A2D8 /* NSBox+Extension.swift */,
				E367A31829B239DD00848482 /* NSImage+Extension.swift */,
				E367A32329B3717200848482 /* NSView+Extension.swift */,
				E367A32729B37F7C00848482 /* NSColor+Extension.swift */,
				E39C1BA629B3C9CF00337BBD /* Rx+Extension.swift */,
				E33E7BAD29B4FEE700055190 /* NSTextField+Extenson.swift */,
			);
			path = Extension;
			sourceTree = "<group>";
		};
		E367A31A29B26FC900848482 /* Model */ = {
			isa = PBXGroup;
			children = (
				E39C1B9B29B3A7E200337BBD /* SideBarApplication.swift */,
			);
			path = Model;
			sourceTree = "<group>";
		};
		E367A32029B2806A00848482 /* View */ = {
			isa = PBXGroup;
			children = (
				E367A31E29B2806100848482 /* FlippedClipView.swift */,
				E367A32129B36FF600848482 /* SideBarApplicationView.swift */,
			);
			path = View;
			sourceTree = "<group>";
		};
		E39C1B9D29B3A7EC00337BBD /* Mock */ = {
			isa = PBXGroup;
			children = (
				E367A31B29B26FD700848482 /* SideBarApplicationMockData.swift */,
			);
			path = Mock;
			sourceTree = "<group>";
		};
		E39C1BA029B3C15500337BBD /* Service */ = {
			isa = PBXGroup;
			children = (
				E39C1BA129B3C16800337BBD /* DBService.swift */,
			);
			path = Service;
			sourceTree = "<group>";
		};
		E39C1BA329B3C55500337BBD /* Helper */ = {
			isa = PBXGroup;
			children = (
				E39C1BA429B3C56500337BBD /* SideBarApplicaitonHelper.swift */,
				E39C1BAE29B4078800337BBD /* StatusBarHelper.swift */,
			);
			path = Helper;
			sourceTree = "<group>";
		};
/* End PBXGroup section */

/* Begin PBXNativeTarget section */
		E311333829AE7EC30091A2D8 /* NSSplitViewSideBarSample */ = {
			isa = PBXNativeTarget;
			buildConfigurationList = E311335E29AE7EC40091A2D8 /* Build configuration list for PBXNativeTarget "NSSplitViewSideBarSample" */;
			buildPhases = (
				E311333529AE7EC30091A2D8 /* Sources */,
				E311333629AE7EC30091A2D8 /* Frameworks */,
				E311333729AE7EC30091A2D8 /* Resources */,
			);
			buildRules = (
			);
			dependencies = (
			);
			name = NSSplitViewSideBarSample;
			packageProductDependencies = (
				E311337729AFC5840091A2D8 /* SnapKit */,
				E367A33129B3816900848482 /* RxCocoa */,
				E367A33329B3816900848482 /* RxRelay */,
				E367A33529B3816900848482 /* RxSwift */,
			);
			productName = NSSplitViewSideBarSample;
			productReference = E311333929AE7EC30091A2D8 /* NSSplitViewSideBarSample.app */;
			productType = "com.apple.product-type.application";
		};
		E311334929AE7EC40091A2D8 /* NSSplitViewSideBarSampleTests */ = {
			isa = PBXNativeTarget;
			buildConfigurationList = E311336129AE7EC40091A2D8 /* Build configuration list for PBXNativeTarget "NSSplitViewSideBarSampleTests" */;
			buildPhases = (
				E311334629AE7EC40091A2D8 /* Sources */,
				E311334729AE7EC40091A2D8 /* Frameworks */,
				E311334829AE7EC40091A2D8 /* Resources */,
			);
			buildRules = (
			);
			dependencies = (
				E311334C29AE7EC40091A2D8 /* PBXTargetDependency */,
			);
			name = NSSplitViewSideBarSampleTests;
			productName = NSSplitViewSideBarSampleTests;
			productReference = E311334A29AE7EC40091A2D8 /* NSSplitViewSideBarSampleTests.xctest */;
			productType = "com.apple.product-type.bundle.unit-test";
		};
		E311335329AE7EC40091A2D8 /* NSSplitViewSideBarSampleUITests */ = {
			isa = PBXNativeTarget;
			buildConfigurationList = E311336429AE7EC40091A2D8 /* Build configuration list for PBXNativeTarget "NSSplitViewSideBarSampleUITests" */;
			buildPhases = (
				E311335029AE7EC40091A2D8 /* Sources */,
				E311335129AE7EC40091A2D8 /* Frameworks */,
				E311335229AE7EC40091A2D8 /* Resources */,
			);
			buildRules = (
			);
			dependencies = (
				E311335629AE7EC40091A2D8 /* PBXTargetDependency */,
			);
			name = NSSplitViewSideBarSampleUITests;
			productName = NSSplitViewSideBarSampleUITests;
			productReference = E311335429AE7EC40091A2D8 /* NSSplitViewSideBarSampleUITests.xctest */;
			productType = "com.apple.product-type.bundle.ui-testing";
		};
/* End PBXNativeTarget section */

/* Begin PBXProject section */
		E311333129AE7EC30091A2D8 /* Project object */ = {
			isa = PBXProject;
			attributes = {
				BuildIndependentTargetsInParallel = 1;
				LastSwiftUpdateCheck = 1420;
				LastUpgradeCheck = 1420;
				TargetAttributes = {
					E311333829AE7EC30091A2D8 = {
						CreatedOnToolsVersion = 14.2;
					};
					E311334929AE7EC40091A2D8 = {
						CreatedOnToolsVersion = 14.2;
						TestTargetID = E311333829AE7EC30091A2D8;
					};
					E311335329AE7EC40091A2D8 = {
						CreatedOnToolsVersion = 14.2;
						TestTargetID = E311333829AE7EC30091A2D8;
					};
				};
			};
			buildConfigurationList = E311333429AE7EC30091A2D8 /* Build configuration list for PBXProject "NSSplitViewSideBarSample" */;
			compatibilityVersion = "Xcode 14.0";
			developmentRegion = en;
			hasScannedForEncodings = 0;
			knownRegions = (
				en,
				Base,
			);
			mainGroup = E311333029AE7EC30091A2D8;
			packageReferences = (
				E311337629AFC5840091A2D8 /* XCRemoteSwiftPackageReference "SnapKit" */,
				E367A33029B3816900848482 /* XCRemoteSwiftPackageReference "RxSwift" */,
			);
			productRefGroup = E311333A29AE7EC30091A2D8 /* Products */;
			projectDirPath = "";
			projectRoot = "";
			targets = (
				E311333829AE7EC30091A2D8 /* NSSplitViewSideBarSample */,
				E311334929AE7EC40091A2D8 /* NSSplitViewSideBarSampleTests */,
				E311335329AE7EC40091A2D8 /* NSSplitViewSideBarSampleUITests */,
			);
		};
/* End PBXProject section */

/* Begin PBXResourcesBuildPhase section */
		E311333729AE7EC30091A2D8 /* Resources */ = {
			isa = PBXResourcesBuildPhase;
			buildActionMask = 2147483647;
			files = (
				E311334129AE7EC40091A2D8 /* Assets.xcassets in Resources */,
				E367A32629B37DE100848482 /* Color.xcassets in Resources */,
				E311336F29AF93500091A2D8 /* MainWindowController.xib in Resources */,
				E311334429AE7EC40091A2D8 /* Main.storyboard in Resources */,
			);
			runOnlyForDeploymentPostprocessing = 0;
		};
		E311334829AE7EC40091A2D8 /* Resources */ = {
			isa = PBXResourcesBuildPhase;
			buildActionMask = 2147483647;
			files = (
			);
			runOnlyForDeploymentPostprocessing = 0;
		};
		E311335229AE7EC40091A2D8 /* Resources */ = {
			isa = PBXResourcesBuildPhase;
			buildActionMask = 2147483647;
			files = (
			);
			runOnlyForDeploymentPostprocessing = 0;
		};
/* End PBXResourcesBuildPhase section */

/* Begin PBXSourcesBuildPhase section */
		E311333529AE7EC30091A2D8 /* Sources */ = {
			isa = PBXSourcesBuildPhase;
			buildActionMask = 2147483647;
			files = (
				E311337D29AFC6AE0091A2D8 /* NSViewController+Extension.swift in Sources */,
				E39C1BA229B3C16800337BBD /* DBService.swift in Sources */,
				E311337229AF955B0091A2D8 /* MainSplitViewController.swift in Sources */,
				E367A32829B37F7C00848482 /* NSColor+Extension.swift in Sources */,
				E39C1BA929B3DAA600337BBD /* SideBarApplicationViewController.swift in Sources */,
				E30297E029B90032001FFBD2 /* MainWindowCoordinator.swift in Sources */,
				E39C1BAF29B4078800337BBD /* StatusBarHelper.swift in Sources */,
				E367A32229B36FF600848482 /* SideBarApplicationView.swift in Sources */,
				E39C1B9C29B3A7E200337BBD /* SideBarApplication.swift in Sources */,
				E367A31C29B26FD700848482 /* SideBarApplicationMockData.swift in Sources */,
				E39C1BA529B3C56500337BBD /* SideBarApplicaitonHelper.swift in Sources */,
				E33E7BAE29B4FEE700055190 /* NSTextField+Extenson.swift in Sources */,
				E311338729AFD7070091A2D8 /* SideBarViewController.swift in Sources */,
				E367A32429B3717200848482 /* NSView+Extension.swift in Sources */,
				E311338329AFCA6B0091A2D8 /* WebViewContentViewController.swift in Sources */,
				E311333D29AE7EC30091A2D8 /* AppDelegate.swift in Sources */,
				E311338129AFCA200091A2D8 /* NSBox+Extension.swift in Sources */,
				E367A31F29B2806100848482 /* FlippedClipView.swift in Sources */,
				E39C1BA729B3C9CF00337BBD /* Rx+Extension.swift in Sources */,
				E30297E229B9012D001FFBD2 /* MainSplitCoordinator.swift in Sources */,
				E367A31929B239DD00848482 /* NSImage+Extension.swift in Sources */,
				E311336E29AF93500091A2D8 /* MainWindowController.swift in Sources */,
				E30297DE29B8FFBE001FFBD2 /* Coordinator.swift in Sources */,
			);
			runOnlyForDeploymentPostprocessing = 0;
		};
		E311334629AE7EC40091A2D8 /* Sources */ = {
			isa = PBXSourcesBuildPhase;
			buildActionMask = 2147483647;
			files = (
				E311334F29AE7EC40091A2D8 /* NSSplitViewSideBarSampleTests.swift in Sources */,
			);
			runOnlyForDeploymentPostprocessing = 0;
		};
		E311335029AE7EC40091A2D8 /* Sources */ = {
			isa = PBXSourcesBuildPhase;
			buildActionMask = 2147483647;
			files = (
				E311335B29AE7EC40091A2D8 /* NSSplitViewSideBarSampleUITestsLaunchTests.swift in Sources */,
				E311335929AE7EC40091A2D8 /* NSSplitViewSideBarSampleUITests.swift in Sources */,
			);
			runOnlyForDeploymentPostprocessing = 0;
		};
/* End PBXSourcesBuildPhase section */

/* Begin PBXTargetDependency section */
		E311334C29AE7EC40091A2D8 /* PBXTargetDependency */ = {
			isa = PBXTargetDependency;
			target = E311333829AE7EC30091A2D8 /* NSSplitViewSideBarSample */;
			targetProxy = E311334B29AE7EC40091A2D8 /* PBXContainerItemProxy */;
		};
		E311335629AE7EC40091A2D8 /* PBXTargetDependency */ = {
			isa = PBXTargetDependency;
			target = E311333829AE7EC30091A2D8 /* NSSplitViewSideBarSample */;
			targetProxy = E311335529AE7EC40091A2D8 /* PBXContainerItemProxy */;
		};
/* End PBXTargetDependency section */

/* Begin PBXVariantGroup section */
		E311334229AE7EC40091A2D8 /* Main.storyboard */ = {
			isa = PBXVariantGroup;
			children = (
				E311334329AE7EC40091A2D8 /* Base */,
			);
			name = Main.storyboard;
			sourceTree = "<group>";
		};
/* End PBXVariantGroup section */

/* Begin XCBuildConfiguration section */
		E311335C29AE7EC40091A2D8 /* Debug */ = {
			isa = XCBuildConfiguration;
			buildSettings = {
				ALWAYS_SEARCH_USER_PATHS = NO;
				CLANG_ANALYZER_NONNULL = YES;
				CLANG_ANALYZER_NUMBER_OBJECT_CONVERSION = YES_AGGRESSIVE;
				CLANG_CXX_LANGUAGE_STANDARD = "gnu++20";
				CLANG_ENABLE_MODULES = YES;
				CLANG_ENABLE_OBJC_ARC = YES;
				CLANG_ENABLE_OBJC_WEAK = YES;
				CLANG_WARN_BLOCK_CAPTURE_AUTORELEASING = YES;
				CLANG_WARN_BOOL_CONVERSION = YES;
				CLANG_WARN_COMMA = YES;
				CLANG_WARN_CONSTANT_CONVERSION = YES;
				CLANG_WARN_DEPRECATED_OBJC_IMPLEMENTATIONS = YES;
				CLANG_WARN_DIRECT_OBJC_ISA_USAGE = YES_ERROR;
				CLANG_WARN_DOCUMENTATION_COMMENTS = YES;
				CLANG_WARN_EMPTY_BODY = YES;
				CLANG_WARN_ENUM_CONVERSION = YES;
				CLANG_WARN_INFINITE_RECURSION = YES;
				CLANG_WARN_INT_CONVERSION = YES;
				CLANG_WARN_NON_LITERAL_NULL_CONVERSION = YES;
				CLANG_WARN_OBJC_IMPLICIT_RETAIN_SELF = YES;
				CLANG_WARN_OBJC_LITERAL_CONVERSION = YES;
				CLANG_WARN_OBJC_ROOT_CLASS = YES_ERROR;
				CLANG_WARN_QUOTED_INCLUDE_IN_FRAMEWORK_HEADER = YES;
				CLANG_WARN_RANGE_LOOP_ANALYSIS = YES;
				CLANG_WARN_STRICT_PROTOTYPES = YES;
				CLANG_WARN_SUSPICIOUS_MOVE = YES;
				CLANG_WARN_UNGUARDED_AVAILABILITY = YES_AGGRESSIVE;
				CLANG_WARN_UNREACHABLE_CODE = YES;
				CLANG_WARN__DUPLICATE_METHOD_MATCH = YES;
				COPY_PHASE_STRIP = NO;
				DEBUG_INFORMATION_FORMAT = dwarf;
				ENABLE_STRICT_OBJC_MSGSEND = YES;
				ENABLE_TESTABILITY = YES;
				GCC_C_LANGUAGE_STANDARD = gnu11;
				GCC_DYNAMIC_NO_PIC = NO;
				GCC_NO_COMMON_BLOCKS = YES;
				GCC_OPTIMIZATION_LEVEL = 0;
				GCC_PREPROCESSOR_DEFINITIONS = (
					"DEBUG=1",
					"$(inherited)",
				);
				GCC_WARN_64_TO_32_BIT_CONVERSION = YES;
				GCC_WARN_ABOUT_RETURN_TYPE = YES_ERROR;
				GCC_WARN_UNDECLARED_SELECTOR = YES;
				GCC_WARN_UNINITIALIZED_AUTOS = YES_AGGRESSIVE;
				GCC_WARN_UNUSED_FUNCTION = YES;
				GCC_WARN_UNUSED_VARIABLE = YES;
				MACOSX_DEPLOYMENT_TARGET = 10.15;
				MTL_ENABLE_DEBUG_INFO = INCLUDE_SOURCE;
				MTL_FAST_MATH = YES;
				ONLY_ACTIVE_ARCH = YES;
				SDKROOT = macosx;
				SWIFT_ACTIVE_COMPILATION_CONDITIONS = DEBUG;
				SWIFT_OPTIMIZATION_LEVEL = "-Onone";
			};
			name = Debug;
		};
		E311335D29AE7EC40091A2D8 /* Release */ = {
			isa = XCBuildConfiguration;
			buildSettings = {
				ALWAYS_SEARCH_USER_PATHS = NO;
				CLANG_ANALYZER_NONNULL = YES;
				CLANG_ANALYZER_NUMBER_OBJECT_CONVERSION = YES_AGGRESSIVE;
				CLANG_CXX_LANGUAGE_STANDARD = "gnu++20";
				CLANG_ENABLE_MODULES = YES;
				CLANG_ENABLE_OBJC_ARC = YES;
				CLANG_ENABLE_OBJC_WEAK = YES;
				CLANG_WARN_BLOCK_CAPTURE_AUTORELEASING = YES;
				CLANG_WARN_BOOL_CONVERSION = YES;
				CLANG_WARN_COMMA = YES;
				CLANG_WARN_CONSTANT_CONVERSION = YES;
				CLANG_WARN_DEPRECATED_OBJC_IMPLEMENTATIONS = YES;
				CLANG_WARN_DIRECT_OBJC_ISA_USAGE = YES_ERROR;
				CLANG_WARN_DOCUMENTATION_COMMENTS = YES;
				CLANG_WARN_EMPTY_BODY = YES;
				CLANG_WARN_ENUM_CONVERSION = YES;
				CLANG_WARN_INFINITE_RECURSION = YES;
				CLANG_WARN_INT_CONVERSION = YES;
				CLANG_WARN_NON_LITERAL_NULL_CONVERSION = YES;
				CLANG_WARN_OBJC_IMPLICIT_RETAIN_SELF = YES;
				CLANG_WARN_OBJC_LITERAL_CONVERSION = YES;
				CLANG_WARN_OBJC_ROOT_CLASS = YES_ERROR;
				CLANG_WARN_QUOTED_INCLUDE_IN_FRAMEWORK_HEADER = YES;
				CLANG_WARN_RANGE_LOOP_ANALYSIS = YES;
				CLANG_WARN_STRICT_PROTOTYPES = YES;
				CLANG_WARN_SUSPICIOUS_MOVE = YES;
				CLANG_WARN_UNGUARDED_AVAILABILITY = YES_AGGRESSIVE;
				CLANG_WARN_UNREACHABLE_CODE = YES;
				CLANG_WARN__DUPLICATE_METHOD_MATCH = YES;
				COPY_PHASE_STRIP = NO;
				DEBUG_INFORMATION_FORMAT = "dwarf-with-dsym";
				ENABLE_NS_ASSERTIONS = NO;
				ENABLE_STRICT_OBJC_MSGSEND = YES;
				GCC_C_LANGUAGE_STANDARD = gnu11;
				GCC_NO_COMMON_BLOCKS = YES;
				GCC_WARN_64_TO_32_BIT_CONVERSION = YES;
				GCC_WARN_ABOUT_RETURN_TYPE = YES_ERROR;
				GCC_WARN_UNDECLARED_SELECTOR = YES;
				GCC_WARN_UNINITIALIZED_AUTOS = YES_AGGRESSIVE;
				GCC_WARN_UNUSED_FUNCTION = YES;
				GCC_WARN_UNUSED_VARIABLE = YES;
				MACOSX_DEPLOYMENT_TARGET = 10.15;
				MTL_ENABLE_DEBUG_INFO = NO;
				MTL_FAST_MATH = YES;
				SDKROOT = macosx;
				SWIFT_COMPILATION_MODE = wholemodule;
				SWIFT_OPTIMIZATION_LEVEL = "-O";
			};
			name = Release;
		};
		E311335F29AE7EC40091A2D8 /* Debug */ = {
			isa = XCBuildConfiguration;
			buildSettings = {
				ASSETCATALOG_COMPILER_APPICON_NAME = AppIcon;
				ASSETCATALOG_COMPILER_GLOBAL_ACCENT_COLOR_NAME = AccentColor;
				CODE_SIGN_ENTITLEMENTS = NSSplitViewSideBarSample/NSSplitViewSideBarSample.entitlements;
				CODE_SIGN_STYLE = Automatic;
				COMBINE_HIDPI_IMAGES = YES;
				CURRENT_PROJECT_VERSION = 1;
				DEVELOPMENT_TEAM = AY364JNN3C;
				ENABLE_HARDENED_RUNTIME = YES;
				GENERATE_INFOPLIST_FILE = YES;
				INFOPLIST_KEY_NSHumanReadableCopyright = "";
				INFOPLIST_KEY_NSMainStoryboardFile = Main;
				INFOPLIST_KEY_NSPrincipalClass = NSApplication;
				LD_RUNPATH_SEARCH_PATHS = (
					"$(inherited)",
					"@executable_path/../Frameworks",
				);
				MACOSX_DEPLOYMENT_TARGET = 10.15;
				MARKETING_VERSION = 0.0.2;
				PRODUCT_BUNDLE_IDENTIFIER = com.vongtory.NSSplitViewSideBarSample;
				PRODUCT_NAME = "$(TARGET_NAME)";
				SWIFT_EMIT_LOC_STRINGS = YES;
				SWIFT_VERSION = 5.0;
			};
			name = Debug;
		};
		E311336029AE7EC40091A2D8 /* Release */ = {
			isa = XCBuildConfiguration;
			buildSettings = {
				ASSETCATALOG_COMPILER_APPICON_NAME = AppIcon;
				ASSETCATALOG_COMPILER_GLOBAL_ACCENT_COLOR_NAME = AccentColor;
				CODE_SIGN_ENTITLEMENTS = NSSplitViewSideBarSample/NSSplitViewSideBarSample.entitlements;
				CODE_SIGN_STYLE = Automatic;
				COMBINE_HIDPI_IMAGES = YES;
				CURRENT_PROJECT_VERSION = 1;
				DEVELOPMENT_TEAM = AY364JNN3C;
				ENABLE_HARDENED_RUNTIME = YES;
				GENERATE_INFOPLIST_FILE = YES;
				INFOPLIST_KEY_NSHumanReadableCopyright = "";
				INFOPLIST_KEY_NSMainStoryboardFile = Main;
				INFOPLIST_KEY_NSPrincipalClass = NSApplication;
				LD_RUNPATH_SEARCH_PATHS = (
					"$(inherited)",
					"@executable_path/../Frameworks",
				);
				MACOSX_DEPLOYMENT_TARGET = 10.15;
				MARKETING_VERSION = 0.0.2;
				PRODUCT_BUNDLE_IDENTIFIER = com.vongtory.NSSplitViewSideBarSample;
				PRODUCT_NAME = "$(TARGET_NAME)";
				SWIFT_EMIT_LOC_STRINGS = YES;
				SWIFT_VERSION = 5.0;
			};
			name = Release;
		};
		E311336229AE7EC40091A2D8 /* Debug */ = {
			isa = XCBuildConfiguration;
			buildSettings = {
				ALWAYS_EMBED_SWIFT_STANDARD_LIBRARIES = YES;
				BUNDLE_LOADER = "$(TEST_HOST)";
				CODE_SIGN_STYLE = Automatic;
				CURRENT_PROJECT_VERSION = 1;
				DEVELOPMENT_TEAM = AY364JNN3C;
				GENERATE_INFOPLIST_FILE = YES;
				MACOSX_DEPLOYMENT_TARGET = 10.15;
				MARKETING_VERSION = 1.0;
				PRODUCT_BUNDLE_IDENTIFIER = com.vongtory.NSSplitViewSideBarSampleTests;
				PRODUCT_NAME = "$(TARGET_NAME)";
				SWIFT_EMIT_LOC_STRINGS = NO;
				SWIFT_VERSION = 5.0;
				TEST_HOST = "$(BUILT_PRODUCTS_DIR)/NSSplitViewSideBarSample.app/$(BUNDLE_EXECUTABLE_FOLDER_PATH)/NSSplitViewSideBarSample";
			};
			name = Debug;
		};
		E311336329AE7EC40091A2D8 /* Release */ = {
			isa = XCBuildConfiguration;
			buildSettings = {
				ALWAYS_EMBED_SWIFT_STANDARD_LIBRARIES = YES;
				BUNDLE_LOADER = "$(TEST_HOST)";
				CODE_SIGN_STYLE = Automatic;
				CURRENT_PROJECT_VERSION = 1;
				DEVELOPMENT_TEAM = AY364JNN3C;
				GENERATE_INFOPLIST_FILE = YES;
				MACOSX_DEPLOYMENT_TARGET = 10.15;
				MARKETING_VERSION = 1.0;
				PRODUCT_BUNDLE_IDENTIFIER = com.vongtory.NSSplitViewSideBarSampleTests;
				PRODUCT_NAME = "$(TARGET_NAME)";
				SWIFT_EMIT_LOC_STRINGS = NO;
				SWIFT_VERSION = 5.0;
				TEST_HOST = "$(BUILT_PRODUCTS_DIR)/NSSplitViewSideBarSample.app/$(BUNDLE_EXECUTABLE_FOLDER_PATH)/NSSplitViewSideBarSample";
			};
			name = Release;
		};
		E311336529AE7EC40091A2D8 /* Debug */ = {
			isa = XCBuildConfiguration;
			buildSettings = {
				ALWAYS_EMBED_SWIFT_STANDARD_LIBRARIES = YES;
				CODE_SIGN_STYLE = Automatic;
				CURRENT_PROJECT_VERSION = 1;
				DEVELOPMENT_TEAM = AY364JNN3C;
				GENERATE_INFOPLIST_FILE = YES;
				MARKETING_VERSION = 1.0;
				PRODUCT_BUNDLE_IDENTIFIER = com.vongtory.NSSplitViewSideBarSampleUITests;
				PRODUCT_NAME = "$(TARGET_NAME)";
				SWIFT_EMIT_LOC_STRINGS = NO;
				SWIFT_VERSION = 5.0;
				TEST_TARGET_NAME = NSSplitViewSideBarSample;
			};
			name = Debug;
		};
		E311336629AE7EC40091A2D8 /* Release */ = {
			isa = XCBuildConfiguration;
			buildSettings = {
				ALWAYS_EMBED_SWIFT_STANDARD_LIBRARIES = YES;
				CODE_SIGN_STYLE = Automatic;
				CURRENT_PROJECT_VERSION = 1;
				DEVELOPMENT_TEAM = AY364JNN3C;
				GENERATE_INFOPLIST_FILE = YES;
				MARKETING_VERSION = 1.0;
				PRODUCT_BUNDLE_IDENTIFIER = com.vongtory.NSSplitViewSideBarSampleUITests;
				PRODUCT_NAME = "$(TARGET_NAME)";
				SWIFT_EMIT_LOC_STRINGS = NO;
				SWIFT_VERSION = 5.0;
				TEST_TARGET_NAME = NSSplitViewSideBarSample;
			};
			name = Release;
		};
/* End XCBuildConfiguration section */

/* Begin XCConfigurationList section */
		E311333429AE7EC30091A2D8 /* Build configuration list for PBXProject "NSSplitViewSideBarSample" */ = {
			isa = XCConfigurationList;
			buildConfigurations = (
				E311335C29AE7EC40091A2D8 /* Debug */,
				E311335D29AE7EC40091A2D8 /* Release */,
			);
			defaultConfigurationIsVisible = 0;
			defaultConfigurationName = Release;
		};
		E311335E29AE7EC40091A2D8 /* Build configuration list for PBXNativeTarget "NSSplitViewSideBarSample" */ = {
			isa = XCConfigurationList;
			buildConfigurations = (
				E311335F29AE7EC40091A2D8 /* Debug */,
				E311336029AE7EC40091A2D8 /* Release */,
			);
			defaultConfigurationIsVisible = 0;
			defaultConfigurationName = Release;
		};
		E311336129AE7EC40091A2D8 /* Build configuration list for PBXNativeTarget "NSSplitViewSideBarSampleTests" */ = {
			isa = XCConfigurationList;
			buildConfigurations = (
				E311336229AE7EC40091A2D8 /* Debug */,
				E311336329AE7EC40091A2D8 /* Release */,
			);
			defaultConfigurationIsVisible = 0;
			defaultConfigurationName = Release;
		};
		E311336429AE7EC40091A2D8 /* Build configuration list for PBXNativeTarget "NSSplitViewSideBarSampleUITests" */ = {
			isa = XCConfigurationList;
			buildConfigurations = (
				E311336529AE7EC40091A2D8 /* Debug */,
				E311336629AE7EC40091A2D8 /* Release */,
			);
			defaultConfigurationIsVisible = 0;
			defaultConfigurationName = Release;
		};
/* End XCConfigurationList section */

/* Begin XCRemoteSwiftPackageReference section */
		E311337629AFC5840091A2D8 /* XCRemoteSwiftPackageReference "SnapKit" */ = {
			isa = XCRemoteSwiftPackageReference;
			repositoryURL = "https://github.com/SnapKit/SnapKit";
			requirement = {
				kind = upToNextMajorVersion;
				minimumVersion = 5.0.0;
			};
		};
		E367A33029B3816900848482 /* XCRemoteSwiftPackageReference "RxSwift" */ = {
			isa = XCRemoteSwiftPackageReference;
			repositoryURL = "https://github.com/ReactiveX/RxSwift";
			requirement = {
				kind = upToNextMajorVersion;
				minimumVersion = 6.0.0;
			};
		};
/* End XCRemoteSwiftPackageReference section */

/* Begin XCSwiftPackageProductDependency section */
		E311337729AFC5840091A2D8 /* SnapKit */ = {
			isa = XCSwiftPackageProductDependency;
			package = E311337629AFC5840091A2D8 /* XCRemoteSwiftPackageReference "SnapKit" */;
			productName = SnapKit;
		};
		E367A33129B3816900848482 /* RxCocoa */ = {
			isa = XCSwiftPackageProductDependency;
			package = E367A33029B3816900848482 /* XCRemoteSwiftPackageReference "RxSwift" */;
			productName = RxCocoa;
		};
		E367A33329B3816900848482 /* RxRelay */ = {
			isa = XCSwiftPackageProductDependency;
			package = E367A33029B3816900848482 /* XCRemoteSwiftPackageReference "RxSwift" */;
			productName = RxRelay;
		};
		E367A33529B3816900848482 /* RxSwift */ = {
			isa = XCSwiftPackageProductDependency;
			package = E367A33029B3816900848482 /* XCRemoteSwiftPackageReference "RxSwift" */;
			productName = RxSwift;
		};
/* End XCSwiftPackageProductDependency section */
	};
	rootObject = E311333129AE7EC30091A2D8 /* Project object */;
}
